
Microsoft Visual Studio Solution File, Format Version 12.00
# Visual Studio 15
VisualStudioVersion = 15.0.27130.2010
MinimumVisualStudioVersion = 10.0.40219.1
Project("{8BC9CEB8-8B4A-11D0-8D11-00A0C91BC942}") = "HelloC++", "HelloC++\HelloC++.vcxproj", "{16F5D7B8-41BE-43F8-8307-091E4BA5D2D9}"
EndProject
Project("{8BC9CEB8-8B4A-11D0-8D11-00A0C91BC942}") = "JustTest", "JustTest\JustTest.vcxproj", "{7519064C-7D4A-483A-94AF-6E5A0D4560F8}"
EndProject
Project("{8BC9CEB8-8B4A-11D0-8D11-00A0C91BC942}") = "PrintStar", "PrintStar\PrintStar.vcxproj", "{133FDCEB-918D-490D-B6AA-07D3F79CBB05}"
EndProject
Project("{8BC9CEB8-8B4A-11D0-8D11-00A0C91BC942}") = "Triangle D and C", "Triangle D and C\Triangle D and C.vcxproj", "{71B5F792-A1FE-4FB3-9FB4-9A43E3BFE74D}"
EndProject
Project("{8BC9CEB8-8B4A-11D0-8D11-00A0C91BC942}") = "Sorting", "Sorting\Sorting.vcxproj", "{E34B8222-7837-476B-940D-0365696693EB}"
EndProject
Project("{8BC9CEB8-8B4A-11D0-8D11-00A0C91BC942}") = "NameAndPhoneEasyManage", "NameAndPhoneEasyManage\NameAndPhoneEasyManage.vcxproj", "{01665251-01D9-4FB7-B424-25443E052AA4}"
EndProject
Project("{8BC9CEB8-8B4A-11D0-8D11-00A0C91BC942}") = "VisualPet", "VisualPet\VisualPet.vcxproj", "{4E9BD899-CBFD-4873-918E-6502B33E250A}"
EndProject
Project("{8BC9CEB8-8B4A-11D0-8D11-00A0C91BC942}") = "PeratorOverload", "PeratorOverload\PeratorOverload.vcxproj", "{2AD3F8D1-CDE6-4C4C-AD9C-0E121BFAD100}"
EndProject
Project("{8BC9CEB8-8B4A-11D0-8D11-00A0C91BC942}") = "Temple", "Temple\Temple.vcxproj", "{B755A0FB-149A-44D1-B036-508879257249}"
EndProject
Project("{8BC9CEB8-8B4A-11D0-8D11-00A0C91BC942}") = "TheMatch", "TheMatch\TheMatch.vcxproj", "{73E3A392-254E-4A1F-8DE4-AFDE1A593CA1}"
EndProject
Global
	GlobalSection(SolutionConfigurationPlatforms) = preSolution
		Debug|x64 = Debug|x64
		Debug|x86 = Debug|x86
		Release|x64 = Release|x64
		Release|x86 = Release|x86
	EndGlobalSection
	GlobalSection(ProjectConfigurationPlatforms) = postSolution
		{16F5D7B8-41BE-43F8-8307-091E4BA5D2D9}.Debug|x64.ActiveCfg = Debug|x64
		{16F5D7B8-41BE-43F8-8307-091E4BA5D2D9}.Debug|x64.Build.0 = Debug|x64
		{16F5D7B8-41BE-43F8-8307-091E4BA5D2D9}.Debug|x86.ActiveCfg = Debug|Win32
		{16F5D7B8-41BE-43F8-8307-091E4BA5D2D9}.Debug|x86.Build.0 = Debug|Win32
		{16F5D7B8-41BE-43F8-8307-091E4BA5D2D9}.Release|x64.ActiveCfg = Release|x64
		{16F5D7B8-41BE-43F8-8307-091E4BA5D2D9}.Release|x64.Build.0 = Release|x64
		{16F5D7B8-41BE-43F8-8307-091E4BA5D2D9}.Release|x86.ActiveCfg = Release|Win32
		{16F5D7B8-41BE-43F8-8307-091E4BA5D2D9}.Release|x86.Build.0 = Release|Win32
		{7519064C-7D4A-483A-94AF-6E5A0D4560F8}.Debug|x64.ActiveCfg = Debug|x64
		{7519064C-7D4A-483A-94AF-6E5A0D4560F8}.Debug|x64.Build.0 = Debug|x64
		{7519064C-7D4A-483A-94AF-6E5A0D4560F8}.Debug|x86.ActiveCfg = Debug|Win32
		{7519064C-7D4A-483A-94AF-6E5A0D4560F8}.Debug|x86.Build.0 = Debug|Win32
		{7519064C-7D4A-483A-94AF-6E5A0D4560F8}.Release|x64.ActiveCfg = Release|x64
		{7519064C-7D4A-483A-94AF-6E5A0D4560F8}.Release|x64.Build.0 = Release|x64
		{7519064C-7D4A-483A-94AF-6E5A0D4560F8}.Release|x86.ActiveCfg = Release|Win32
		{7519064C-7D4A-483A-94AF-6E5A0D4560F8}.Release|x86.Build.0 = Release|Win32
		{133FDCEB-918D-490D-B6AA-07D3F79CBB05}.Debug|x64.ActiveCfg = Debug|x64
		{133FDCEB-918D-490D-B6AA-07D3F79CBB05}.Debug|x64.Build.0 = Debug|x64
		{133FDCEB-918D-490D-B6AA-07D3F79CBB05}.Debug|x86.ActiveCfg = Debug|Win32
		{133FDCEB-918D-490D-B6AA-07D3F79CBB05}.Debug|x86.Build.0 = Debug|Win32
		{133FDCEB-918D-490D-B6AA-07D3F79CBB05}.Release|x64.ActiveCfg = Release|x64
		{133FDCEB-918D-490D-B6AA-07D3F79CBB05}.Release|x64.Build.0 = Release|x64
		{133FDCEB-918D-490D-B6AA-07D3F79CBB05}.Release|x86.ActiveCfg = Release|Win32
		{133FDCEB-918D-490D-B6AA-07D3F79CBB05}.Release|x86.Build.0 = Release|Win32
		{71B5F792-A1FE-4FB3-9FB4-9A43E3BFE74D}.Debug|x64.ActiveCfg = Debug|x64
		{71B5F792-A1FE-4FB3-9FB4-9A43E3BFE74D}.Debug|x64.Build.0 = Debug|x64
		{71B5F792-A1FE-4FB3-9FB4-9A43E3BFE74D}.Debug|x86.ActiveCfg = Debug|Win32
		{71B5F792-A1FE-4FB3-9FB4-9A43E3BFE74D}.Debug|x86.Build.0 = Debug|Win32
		{71B5F792-A1FE-4FB3-9FB4-9A43E3BFE74D}.Release|x64.ActiveCfg = Release|x64
		{71B5F792-A1FE-4FB3-9FB4-9A43E3BFE74D}.Release|x64.Build.0 = Release|x64
		{71B5F792-A1FE-4FB3-9FB4-9A43E3BFE74D}.Release|x86.ActiveCfg = Release|Win32
		{71B5F792-A1FE-4FB3-9FB4-9A43E3BFE74D}.Release|x86.Build.0 = Release|Win32
		{E34B8222-7837-476B-940D-0365696693EB}.Debug|x64.ActiveCfg = Debug|x64
		{E34B8222-7837-476B-940D-0365696693EB}.Debug|x64.Build.0 = Debug|x64
		{E34B8222-7837-476B-940D-0365696693EB}.Debug|x86.ActiveCfg = Debug|Win32
		{E34B8222-7837-476B-940D-0365696693EB}.Debug|x86.Build.0 = Debug|Win32
		{E34B8222-7837-476B-940D-0365696693EB}.Release|x64.ActiveCfg = Release|x64
		{E34B8222-7837-476B-940D-0365696693EB}.Release|x64.Build.0 = Release|x64
		{E34B8222-7837-476B-940D-0365696693EB}.Release|x86.ActiveCfg = Release|Win32
		{E34B8222-7837-476B-940D-0365696693EB}.Release|x86.Build.0 = Release|Win32
		{01665251-01D9-4FB7-B424-25443E052AA4}.Debug|x64.ActiveCfg = Debug|x64
		{01665251-01D9-4FB7-B424-25443E052AA4}.Debug|x64.Build.0 = Debug|x64
		{01665251-01D9-4FB7-B424-25443E052AA4}.Debug|x86.ActiveCfg = Debug|Win32
		{01665251-01D9-4FB7-B424-25443E052AA4}.Debug|x86.Build.0 = Debug|Win32
		{01665251-01D9-4FB7-B424-25443E052AA4}.Release|x64.ActiveCfg = Release|x64
		{01665251-01D9-4FB7-B424-25443E052AA4}.Release|x64.Build.0 = Release|x64
		{01665251-01D9-4FB7-B424-25443E052AA4}.Release|x86.ActiveCfg = Release|Win32
		{01665251-01D9-4FB7-B424-25443E052AA4}.Release|x86.Build.0 = Release|Win32
		{4E9BD899-CBFD-4873-918E-6502B33E250A}.Debug|x64.ActiveCfg = Debug|x64
		{4E9BD899-CBFD-4873-918E-6502B33E250A}.Debug|x64.Build.0 = Debug|x64
		{4E9BD899-CBFD-4873-918E-6502B33E250A}.Debug|x86.ActiveCfg = Debug|Win32
		{4E9BD899-CBFD-4873-918E-6502B33E250A}.Debug|x86.Build.0 = Debug|Win32
		{4E9BD899-CBFD-4873-918E-6502B33E250A}.Release|x64.ActiveCfg = Release|x64
		{4E9BD899-CBFD-4873-918E-6502B33E250A}.Release|x64.Build.0 = Release|x64
		{4E9BD899-CBFD-4873-918E-6502B33E250A}.Release|x86.ActiveCfg = Release|Win32
		{4E9BD899-CBFD-4873-918E-6502B33E250A}.Release|x86.Build.0 = Release|Win32
		{2AD3F8D1-CDE6-4C4C-AD9C-0E121BFAD100}.Debug|x64.ActiveCfg = Debug|x64
		{2AD3F8D1-CDE6-4C4C-AD9C-0E121BFAD100}.Debug|x64.Build.0 = Debug|x64
		{2AD3F8D1-CDE6-4C4C-AD9C-0E121BFAD100}.Debug|x86.ActiveCfg = Debug|Win32
		{2AD3F8D1-CDE6-4C4C-AD9C-0E121BFAD100}.Debug|x86.Build.0 = Debug|Win32
		{2AD3F8D1-CDE6-4C4C-AD9C-0E121BFAD100}.Release|x64.ActiveCfg = Release|x64
		{2AD3F8D1-CDE6-4C4C-AD9C-0E121BFAD100}.Release|x64.Build.0 = Release|x64
		{2AD3F8D1-CDE6-4C4C-AD9C-0E121BFAD100}.Release|x86.ActiveCfg = Release|Win32
		{2AD3F8D1-CDE6-4C4C-AD9C-0E121BFAD100}.Release|x86.Build.0 = Release|Win32
		{B755A0FB-149A-44D1-B036-508879257249}.Debug|x64.ActiveCfg = Debug|x64
		{B755A0FB-149A-44D1-B036-508879257249}.Debug|x64.Build.0 = Debug|x64
		{B755A0FB-149A-44D1-B036-508879257249}.Debug|x86.ActiveCfg = Debug|Win32
		{B755A0FB-149A-44D1-B036-508879257249}.Debug|x86.Build.0 = Debug|Win32
		{B755A0FB-149A-44D1-B036-508879257249}.Release|x64.ActiveCfg = Release|x64
		{B755A0FB-149A-44D1-B036-508879257249}.Release|x64.Build.0 = Release|x64
		{B755A0FB-149A-44D1-B036-508879257249}.Release|x86.ActiveCfg = Release|Win32
		{B755A0FB-149A-44D1-B036-508879257249}.Release|x86.Build.0 = Release|Win32
		{73E3A392-254E-4A1F-8DE4-AFDE1A593CA1}.Debug|x64.ActiveCfg = Debug|x64
		{73E3A392-254E-4A1F-8DE4-AFDE1A593CA1}.Debug|x64.Build.0 = Debug|x64
		{73E3A392-254E-4A1F-8DE4-AFDE1A593CA1}.Debug|x86.ActiveCfg = Debug|Win32
		{73E3A392-254E-4A1F-8DE4-AFDE1A593CA1}.Debug|x86.Build.0 = Debug|Win32
		{73E3A392-254E-4A1F-8DE4-AFDE1A593CA1}.Release|x64.ActiveCfg = Release|x64
		{73E3A392-254E-4A1F-8DE4-AFDE1A593CA1}.Release|x64.Build.0 = Release|x64
		{73E3A392-254E-4A1F-8DE4-AFDE1A593CA1}.Release|x86.ActiveCfg = Release|Win32
		{73E3A392-254E-4A1F-8DE4-AFDE1A593CA1}.Release|x86.Build.0 = Release|Win32
	EndGlobalSection
	GlobalSection(SolutionProperties) = preSolution
		HideSolutionNode = FALSE
	EndGlobalSection
	GlobalSection(ExtensibilityGlobals) = postSolution
		SolutionGuid = {3E68BD3B-8D7C-4D6C-9DC2-43F75F8154C8}
	EndGlobalSection
EndGlobal
